
Microsoft Visual Studio Solution File, Format Version 12.00
# Visual Studio Version 17
VisualStudioVersion = 17.10.35122.118
MinimumVisualStudioVersion = 10.0.40219.1
Project("{9A19103F-16F7-4668-BE54-9A1E7A4F7556}") = "WebApplication0810", "WebApplication0810\WebApplication0810.csproj", "{28B560C8-ED3C-421B-AD49-3D1CA028D7C5}"
EndProject
Global
	GlobalSection(SolutionConfigurationPlatforms) = preSolution
		Debug|Any CPU = Debug|Any CPU
		Release|Any CPU = Release|Any CPU
	EndGlobalSection
	GlobalSection(ProjectConfigurationPlatforms) = postSolution
		{28B560C8-ED3C-421B-AD49-3D1CA028D7C5}.Debug|Any CPU.ActiveCfg = Debug|Any CPU
		{28B560C8-ED3C-421B-AD49-3D1CA028D7C5}.Debug|Any CPU.Build.0 = Debug|Any CPU
		{28B560C8-ED3C-421B-AD49-3D1CA028D7C5}.Release|Any CPU.ActiveCfg = Release|Any CPU
		{28B560C8-ED3C-421B-AD49-3D1CA028D7C5}.Release|Any CPU.Build.0 = Release|Any CPU
	EndGlobalSection
	GlobalSection(SolutionProperties) = preSolution
		HideSolutionNode = FALSE
	EndGlobalSection
	GlobalSection(ExtensibilityGlobals) = postSolution
		SolutionGuid = {BFA920BB-56E9-4874-8424-9860ACD2E0DB}
	EndGlobalSection
EndGlobal
